
Microsoft Visual Studio Solution File, Format Version 12.00
# Visual Studio Version 16
VisualStudioVersion = 16.0.35425.106
MinimumVisualStudioVersion = 10.0.40219.1
Project("{FAE04EC0-301F-11D3-BF4B-00C04F79EFBC}") = "DVD_logo_testi", "DVD_logo_testi.csproj", "{1E91A5CB-7C1F-473E-8C18-220AF027AFC9}"
EndProject
Global
	GlobalSection(SolutionConfigurationPlatforms) = preSolution
		Debug|Any CPU = Debug|Any CPU
		Release|Any CPU = Release|Any CPU
	EndGlobalSection
	GlobalSection(ProjectConfigurationPlatforms) = postSolution
		{1E91A5CB-7C1F-473E-8C18-220AF027AFC9}.Debug|Any CPU.ActiveCfg = Debug|Any CPU
		{1E91A5CB-7C1F-473E-8C18-220AF027AFC9}.Debug|Any CPU.Build.0 = Debug|Any CPU
		{1E91A5CB-7C1F-473E-8C18-220AF027AFC9}.Release|Any CPU.ActiveCfg = Release|Any CPU
		{1E91A5CB-7C1F-473E-8C18-220AF027AFC9}.Release|Any CPU.Build.0 = Release|Any CPU
	EndGlobalSection
	GlobalSection(SolutionProperties) = preSolution
		HideSolutionNode = FALSE
	EndGlobalSection
	GlobalSection(ExtensibilityGlobals) = postSolution
		SolutionGuid = {0168D785-AD20-43D0-B87E-C398966D1D56}
	EndGlobalSection
EndGlobal
